
Microsoft Visual Studio Solution File, Format Version 12.00
# Visual Studio Version 17
VisualStudioVersion = 17.5.002.0
MinimumVisualStudioVersion = 10.0.40219.1
Project("{9A19103F-16F7-4668-BE54-9A1E7A4F7556}") = "GameStore.api", "GameStore.api.csproj", "{DB419576-82F0-4B99-A48C-71A92A523984}"
EndProject
Global
	GlobalSection(SolutionConfigurationPlatforms) = preSolution
		Debug|Any CPU = Debug|Any CPU
		Release|Any CPU = Release|Any CPU
	EndGlobalSection
	GlobalSection(ProjectConfigurationPlatforms) = postSolution
		{DB419576-82F0-4B99-A48C-71A92A523984}.Debug|Any CPU.ActiveCfg = Debug|Any CPU
		{DB419576-82F0-4B99-A48C-71A92A523984}.Debug|Any CPU.Build.0 = Debug|Any CPU
		{DB419576-82F0-4B99-A48C-71A92A523984}.Release|Any CPU.ActiveCfg = Release|Any CPU
		{DB419576-82F0-4B99-A48C-71A92A523984}.Release|Any CPU.Build.0 = Release|Any CPU
	EndGlobalSection
	GlobalSection(SolutionProperties) = preSolution
		HideSolutionNode = FALSE
	EndGlobalSection
	GlobalSection(ExtensibilityGlobals) = postSolution
		SolutionGuid = {EA4F2D23-2497-4B4C-A54B-E9810C8A4F7C}
	EndGlobalSection
EndGlobal
